// !$*UTF8*$!
{
	archiveVersion = 1;
	classes = {
	};
	objectVersion = 55;
	objects = {

/* Begin PBXBuildFile section */
		3A93B2D128106A1400D7F4F5 /* TabBarController.swift in Sources */ = {isa = PBXBuildFile; fileRef = 3A93B2D028106A1400D7F4F5 /* TabBarController.swift */; };
		3AC95DCD282CFEB200944622 /* BestHeader.swift in Sources */ = {isa = PBXBuildFile; fileRef = 3AC95DCC282CFEB200944622 /* BestHeader.swift */; };
		3AC95DCF282CFECB00944622 /* StoreHeader.swift in Sources */ = {isa = PBXBuildFile; fileRef = 3AC95DCE282CFECB00944622 /* StoreHeader.swift */; };
		3AD1C1CB282BAC060014D671 /* HexColor.swift in Sources */ = {isa = PBXBuildFile; fileRef = 3AD1C1CA282BAC060014D671 /* HexColor.swift */; };
		3AF7E78C281295D500C3A1B5 /* MainHeader.swift in Sources */ = {isa = PBXBuildFile; fileRef = 3AF7E78B281295D500C3A1B5 /* MainHeader.swift */; };
		3AFB1F84281170810065621D /* BannerCell.swift in Sources */ = {isa = PBXBuildFile; fileRef = 3AFB1F83281170810065621D /* BannerCell.swift */; };
		3AFB1F86281170900065621D /* MenuCell.swift in Sources */ = {isa = PBXBuildFile; fileRef = 3AFB1F85281170900065621D /* MenuCell.swift */; };
		3AFB1F882811709C0065621D /* BestCell.swift in Sources */ = {isa = PBXBuildFile; fileRef = 3AFB1F872811709C0065621D /* BestCell.swift */; };
		3AFB1F8A281170A70065621D /* StoreCell.swift in Sources */ = {isa = PBXBuildFile; fileRef = 3AFB1F89281170A70065621D /* StoreCell.swift */; };
		3AFB1F8F2811760F0065621D /* Baemin1Cell.swift in Sources */ = {isa = PBXBuildFile; fileRef = 3AFB1F8E2811760F0065621D /* Baemin1Cell.swift */; };
		52EF7A9C27FDADAA00FAB89F /* AppDelegate.swift in Sources */ = {isa = PBXBuildFile; fileRef = 52EF7A9B27FDADAA00FAB89F /* AppDelegate.swift */; };
		52EF7A9E27FDADAA00FAB89F /* SceneDelegate.swift in Sources */ = {isa = PBXBuildFile; fileRef = 52EF7A9D27FDADAA00FAB89F /* SceneDelegate.swift */; };
		52EF7AA027FDADAA00FAB89F /* ViewController.swift in Sources */ = {isa = PBXBuildFile; fileRef = 52EF7A9F27FDADAA00FAB89F /* ViewController.swift */; };
		52EF7AA327FDADAA00FAB89F /* Main.storyboard in Resources */ = {isa = PBXBuildFile; fileRef = 52EF7AA127FDADAA00FAB89F /* Main.storyboard */; };
		52EF7AA527FDADAC00FAB89F /* Assets.xcassets in Resources */ = {isa = PBXBuildFile; fileRef = 52EF7AA427FDADAC00FAB89F /* Assets.xcassets */; };
		52EF7AA827FDADAC00FAB89F /* LaunchScreen.storyboard in Resources */ = {isa = PBXBuildFile; fileRef = 52EF7AA627FDADAC00FAB89F /* LaunchScreen.storyboard */; };
/* End PBXBuildFile section */

/* Begin PBXFileReference section */
		3A93B2D028106A1400D7F4F5 /* TabBarController.swift */ = {isa = PBXFileReference; lastKnownFileType = sourcecode.swift; path = TabBarController.swift; sourceTree = "<group>"; };
		3AC95DCC282CFEB200944622 /* BestHeader.swift */ = {isa = PBXFileReference; lastKnownFileType = sourcecode.swift; path = BestHeader.swift; sourceTree = "<group>"; };
		3AC95DCE282CFECB00944622 /* StoreHeader.swift */ = {isa = PBXFileReference; lastKnownFileType = sourcecode.swift; path = StoreHeader.swift; sourceTree = "<group>"; };
		3AD1C1CA282BAC060014D671 /* HexColor.swift */ = {isa = PBXFileReference; lastKnownFileType = sourcecode.swift; path = HexColor.swift; sourceTree = "<group>"; };
		3AF7E78B281295D500C3A1B5 /* MainHeader.swift */ = {isa = PBXFileReference; lastKnownFileType = sourcecode.swift; path = MainHeader.swift; sourceTree = "<group>"; };
		3AFB1F83281170810065621D /* BannerCell.swift */ = {isa = PBXFileReference; lastKnownFileType = sourcecode.swift; path = BannerCell.swift; sourceTree = "<group>"; };
		3AFB1F85281170900065621D /* MenuCell.swift */ = {isa = PBXFileReference; lastKnownFileType = sourcecode.swift; path = MenuCell.swift; sourceTree = "<group>"; };
		3AFB1F872811709C0065621D /* BestCell.swift */ = {isa = PBXFileReference; lastKnownFileType = sourcecode.swift; path = BestCell.swift; sourceTree = "<group>"; };
		3AFB1F89281170A70065621D /* StoreCell.swift */ = {isa = PBXFileReference; lastKnownFileType = sourcecode.swift; path = StoreCell.swift; sourceTree = "<group>"; };
		3AFB1F8E2811760F0065621D /* Baemin1Cell.swift */ = {isa = PBXFileReference; lastKnownFileType = sourcecode.swift; path = Baemin1Cell.swift; sourceTree = "<group>"; };
		52EF7A9827FDADAA00FAB89F /* Baemin1.app */ = {isa = PBXFileReference; explicitFileType = wrapper.application; includeInIndex = 0; path = Baemin1.app; sourceTree = BUILT_PRODUCTS_DIR; };
		52EF7A9B27FDADAA00FAB89F /* AppDelegate.swift */ = {isa = PBXFileReference; lastKnownFileType = sourcecode.swift; path = AppDelegate.swift; sourceTree = "<group>"; };
		52EF7A9D27FDADAA00FAB89F /* SceneDelegate.swift */ = {isa = PBXFileReference; lastKnownFileType = sourcecode.swift; path = SceneDelegate.swift; sourceTree = "<group>"; };
		52EF7A9F27FDADAA00FAB89F /* ViewController.swift */ = {isa = PBXFileReference; lastKnownFileType = sourcecode.swift; path = ViewController.swift; sourceTree = "<group>"; };
		52EF7AA227FDADAA00FAB89F /* Base */ = {isa = PBXFileReference; lastKnownFileType = file.storyboard; name = Base; path = Base.lproj/Main.storyboard; sourceTree = "<group>"; };
		52EF7AA427FDADAC00FAB89F /* Assets.xcassets */ = {isa = PBXFileReference; lastKnownFileType = folder.assetcatalog; path = Assets.xcassets; sourceTree = "<group>"; };
		52EF7AA727FDADAC00FAB89F /* Base */ = {isa = PBXFileReference; lastKnownFileType = file.storyboard; name = Base; path = Base.lproj/LaunchScreen.storyboard; sourceTree = "<group>"; };
		52EF7AA927FDADAC00FAB89F /* Info.plist */ = {isa = PBXFileReference; lastKnownFileType = text.plist.xml; path = Info.plist; sourceTree = "<group>"; };
/* End PBXFileReference section */

/* Begin PBXFrameworksBuildPhase section */
		52EF7A9527FDADAA00FAB89F /* Frameworks */ = {
			isa = PBXFrameworksBuildPhase;
			buildActionMask = 2147483647;
			files = (
			);
			runOnlyForDeploymentPostprocessing = 0;
		};
/* End PBXFrameworksBuildPhase section */

/* Begin PBXGroup section */
		3AD1C1C9282BABF40014D671 /* util */ = {
			isa = PBXGroup;
			children = (
				3AD1C1CA282BAC060014D671 /* HexColor.swift */,
			);
			path = util;
			sourceTree = "<group>";
		};
		3AFB1F802811704B0065621D /* cell */ = {
			isa = PBXGroup;
			children = (
				3AFB1F83281170810065621D /* BannerCell.swift */,
				3AFB1F85281170900065621D /* MenuCell.swift */,
				3AFB1F872811709C0065621D /* BestCell.swift */,
				3AFB1F89281170A70065621D /* StoreCell.swift */,
			);
			path = cell;
			sourceTree = "<group>";
		};
		3AFB1F812811705A0065621D /* collectionview */ = {
			isa = PBXGroup;
			children = (
				3AFB1F82281170680065621D /* bamein1 */,
			);
			path = collectionview;
			sourceTree = "<group>";
		};
		3AFB1F82281170680065621D /* bamein1 */ = {
			isa = PBXGroup;
			children = (
				3AFB1F8E2811760F0065621D /* Baemin1Cell.swift */,
				3AFB1F8D281175150065621D /* header */,
				3AFB1F802811704B0065621D /* cell */,
			);
			path = bamein1;
			sourceTree = "<group>";
		};
		3AFB1F8D281175150065621D /* header */ = {
			isa = PBXGroup;
			children = (
				3AC95DCC282CFEB200944622 /* BestHeader.swift */,
				3AC95DCE282CFECB00944622 /* StoreHeader.swift */,
			);
			path = header;
			sourceTree = "<group>";
		};
		52EF7A8F27FDADAA00FAB89F = {
			isa = PBXGroup;
			children = (
				52EF7A9A27FDADAA00FAB89F /* Baemin1 */,
				52EF7A9927FDADAA00FAB89F /* Products */,
			);
			sourceTree = "<group>";
		};
		52EF7A9927FDADAA00FAB89F /* Products */ = {
			isa = PBXGroup;
			children = (
				52EF7A9827FDADAA00FAB89F /* Baemin1.app */,
			);
			name = Products;
			sourceTree = "<group>";
		};
		52EF7A9A27FDADAA00FAB89F /* Baemin1 */ = {
			isa = PBXGroup;
			children = (
				3AD1C1C9282BABF40014D671 /* util */,
				3AFB1F812811705A0065621D /* collectionview */,
				52EF7A9B27FDADAA00FAB89F /* AppDelegate.swift */,
				52EF7A9D27FDADAA00FAB89F /* SceneDelegate.swift */,
				3A93B2D028106A1400D7F4F5 /* TabBarController.swift */,
				3AF7E78B281295D500C3A1B5 /* MainHeader.swift */,
				52EF7A9F27FDADAA00FAB89F /* ViewController.swift */,
				52EF7AA127FDADAA00FAB89F /* Main.storyboard */,
				52EF7AA427FDADAC00FAB89F /* Assets.xcassets */,
				52EF7AA627FDADAC00FAB89F /* LaunchScreen.storyboard */,
				52EF7AA927FDADAC00FAB89F /* Info.plist */,
			);
			path = Baemin1;
			sourceTree = "<group>";
		};
/* End PBXGroup section */

/* Begin PBXNativeTarget section */
		52EF7A9727FDADAA00FAB89F /* Baemin1 */ = {
			isa = PBXNativeTarget;
			buildConfigurationList = 52EF7AAC27FDADAC00FAB89F /* Build configuration list for PBXNativeTarget "Baemin1" */;
			buildPhases = (
				52EF7A9427FDADAA00FAB89F /* Sources */,
				52EF7A9527FDADAA00FAB89F /* Frameworks */,
				52EF7A9627FDADAA00FAB89F /* Resources */,
			);
			buildRules = (
			);
			dependencies = (
			);
			name = Baemin1;
			productName = Baemin1;
			productReference = 52EF7A9827FDADAA00FAB89F /* Baemin1.app */;
			productType = "com.apple.product-type.application";
		};
/* End PBXNativeTarget section */

/* Begin PBXProject section */
		52EF7A9027FDADAA00FAB89F /* Project object */ = {
			isa = PBXProject;
			attributes = {
				BuildIndependentTargetsInParallel = 1;
				LastSwiftUpdateCheck = 1330;
				LastUpgradeCheck = 1330;
				TargetAttributes = {
					52EF7A9727FDADAA00FAB89F = {
						CreatedOnToolsVersion = 13.3;
					};
				};
			};
			buildConfigurationList = 52EF7A9327FDADAA00FAB89F /* Build configuration list for PBXProject "Baemin1" */;
			compatibilityVersion = "Xcode 13.0";
			developmentRegion = en;
			hasScannedForEncodings = 0;
			knownRegions = (
				en,
				Base,
			);
			mainGroup = 52EF7A8F27FDADAA00FAB89F;
			productRefGroup = 52EF7A9927FDADAA00FAB89F /* Products */;
			projectDirPath = "";
			projectRoot = "";
			targets = (
				52EF7A9727FDADAA00FAB89F /* Baemin1 */,
			);
		};
/* End PBXProject section */

/* Begin PBXResourcesBuildPhase section */
		52EF7A9627FDADAA00FAB89F /* Resources */ = {
			isa = PBXResourcesBuildPhase;
			buildActionMask = 2147483647;
			files = (
				52EF7AA827FDADAC00FAB89F /* LaunchScreen.storyboard in Resources */,
				52EF7AA527FDADAC00FAB89F /* Assets.xcassets in Resources */,
				52EF7AA327FDADAA00FAB89F /* Main.storyboard in Resources */,
			);
			runOnlyForDeploymentPostprocessing = 0;
		};
/* End PBXResourcesBuildPhase section */

/* Begin PBXSourcesBuildPhase section */
		52EF7A9427FDADAA00FAB89F /* Sources */ = {
			isa = PBXSourcesBuildPhase;
			buildActionMask = 2147483647;
			files = (
				52EF7AA027FDADAA00FAB89F /* ViewController.swift in Sources */,
				3AFB1F84281170810065621D /* BannerCell.swift in Sources */,
				3AC95DCF282CFECB00944622 /* StoreHeader.swift in Sources */,
				3AD1C1CB282BAC060014D671 /* HexColor.swift in Sources */,
				3AFB1F86281170900065621D /* MenuCell.swift in Sources */,
				3AFB1F8F2811760F0065621D /* Baemin1Cell.swift in Sources */,
				3A93B2D128106A1400D7F4F5 /* TabBarController.swift in Sources */,
				3AF7E78C281295D500C3A1B5 /* MainHeader.swift in Sources */,
				52EF7A9C27FDADAA00FAB89F /* AppDelegate.swift in Sources */,
				3AFB1F882811709C0065621D /* BestCell.swift in Sources */,
				52EF7A9E27FDADAA00FAB89F /* SceneDelegate.swift in Sources */,
				3AC95DCD282CFEB200944622 /* BestHeader.swift in Sources */,
				3AFB1F8A281170A70065621D /* StoreCell.swift in Sources */,
			);
			runOnlyForDeploymentPostprocessing = 0;
		};
/* End PBXSourcesBuildPhase section */

/* Begin PBXVariantGroup section */
		52EF7AA127FDADAA00FAB89F /* Main.storyboard */ = {
			isa = PBXVariantGroup;
			children = (
				52EF7AA227FDADAA00FAB89F /* Base */,
			);
			name = Main.storyboard;
			sourceTree = "<group>";
		};
		52EF7AA627FDADAC00FAB89F /* LaunchScreen.storyboard */ = {
			isa = PBXVariantGroup;
			children = (
				52EF7AA727FDADAC00FAB89F /* Base */,
			);
			name = LaunchScreen.storyboard;
			sourceTree = "<group>";
		};
/* End PBXVariantGroup section */

/* Begin XCBuildConfiguration section */
		52EF7AAA27FDADAC00FAB89F /* Debug */ = {
			isa = XCBuildConfiguration;
			buildSettings = {
				ALWAYS_SEARCH_USER_PATHS = NO;
				CLANG_ANALYZER_NONNULL = YES;
				CLANG_ANALYZER_NUMBER_OBJECT_CONVERSION = YES_AGGRESSIVE;
				CLANG_CXX_LANGUAGE_STANDARD = "gnu++17";
				CLANG_ENABLE_MODULES = YES;
				CLANG_ENABLE_OBJC_ARC = YES;
				CLANG_ENABLE_OBJC_WEAK = YES;
				CLANG_WARN_BLOCK_CAPTURE_AUTORELEASING = YES;
				CLANG_WARN_BOOL_CONVERSION = YES;
				CLANG_WARN_COMMA = YES;
				CLANG_WARN_CONSTANT_CONVERSION = YES;
				CLANG_WARN_DEPRECATED_OBJC_IMPLEMENTATIONS = YES;
				CLANG_WARN_DIRECT_OBJC_ISA_USAGE = YES_ERROR;
				CLANG_WARN_DOCUMENTATION_COMMENTS = YES;
				CLANG_WARN_EMPTY_BODY = YES;
				CLANG_WARN_ENUM_CONVERSION = YES;
				CLANG_WARN_INFINITE_RECURSION = YES;
				CLANG_WARN_INT_CONVERSION = YES;
				CLANG_WARN_NON_LITERAL_NULL_CONVERSION = YES;
				CLANG_WARN_OBJC_IMPLICIT_RETAIN_SELF = YES;
				CLANG_WARN_OBJC_LITERAL_CONVERSION = YES;
				CLANG_WARN_OBJC_ROOT_CLASS = YES_ERROR;
				CLANG_WARN_QUOTED_INCLUDE_IN_FRAMEWORK_HEADER = YES;
				CLANG_WARN_RANGE_LOOP_ANALYSIS = YES;
				CLANG_WARN_STRICT_PROTOTYPES = YES;
				CLANG_WARN_SUSPICIOUS_MOVE = YES;
				CLANG_WARN_UNGUARDED_AVAILABILITY = YES_AGGRESSIVE;
				CLANG_WARN_UNREACHABLE_CODE = YES;
				CLANG_WARN__DUPLICATE_METHOD_MATCH = YES;
				COPY_PHASE_STRIP = NO;
				DEBUG_INFORMATION_FORMAT = dwarf;
				ENABLE_STRICT_OBJC_MSGSEND = YES;
				ENABLE_TESTABILITY = YES;
				GCC_C_LANGUAGE_STANDARD = gnu11;
				GCC_DYNAMIC_NO_PIC = NO;
				GCC_NO_COMMON_BLOCKS = YES;
				GCC_OPTIMIZATION_LEVEL = 0;
				GCC_PREPROCESSOR_DEFINITIONS = (
					"DEBUG=1",
					"$(inherited)",
				);
				GCC_WARN_64_TO_32_BIT_CONVERSION = YES;
				GCC_WARN_ABOUT_RETURN_TYPE = YES_ERROR;
				GCC_WARN_UNDECLARED_SELECTOR = YES;
				GCC_WARN_UNINITIALIZED_AUTOS = YES_AGGRESSIVE;
				GCC_WARN_UNUSED_FUNCTION = YES;
				GCC_WARN_UNUSED_VARIABLE = YES;
				IPHONEOS_DEPLOYMENT_TARGET = 14.0;
				MTL_ENABLE_DEBUG_INFO = INCLUDE_SOURCE;
				MTL_FAST_MATH = YES;
				ONLY_ACTIVE_ARCH = YES;
				SDKROOT = iphoneos;
				SWIFT_ACTIVE_COMPILATION_CONDITIONS = DEBUG;
				SWIFT_OPTIMIZATION_LEVEL = "-Onone";
			};
			name = Debug;
		};
		52EF7AAB27FDADAC00FAB89F /* Release */ = {
			isa = XCBuildConfiguration;
			buildSettings = {
				ALWAYS_SEARCH_USER_PATHS = NO;
				CLANG_ANALYZER_NONNULL = YES;
				CLANG_ANALYZER_NUMBER_OBJECT_CONVERSION = YES_AGGRESSIVE;
				CLANG_CXX_LANGUAGE_STANDARD = "gnu++17";
				CLANG_ENABLE_MODULES = YES;
				CLANG_ENABLE_OBJC_ARC = YES;
				CLANG_ENABLE_OBJC_WEAK = YES;
				CLANG_WARN_BLOCK_CAPTURE_AUTORELEASING = YES;
				CLANG_WARN_BOOL_CONVERSION = YES;
				CLANG_WARN_COMMA = YES;
				CLANG_WARN_CONSTANT_CONVERSION = YES;
				CLANG_WARN_DEPRECATED_OBJC_IMPLEMENTATIONS = YES;
				CLANG_WARN_DIRECT_OBJC_ISA_USAGE = YES_ERROR;
				CLANG_WARN_DOCUMENTATION_COMMENTS = YES;
				CLANG_WARN_EMPTY_BODY = YES;
				CLANG_WARN_ENUM_CONVERSION = YES;
				CLANG_WARN_INFINITE_RECURSION = YES;
				CLANG_WARN_INT_CONVERSION = YES;
				CLANG_WARN_NON_LITERAL_NULL_CONVERSION = YES;
				CLANG_WARN_OBJC_IMPLICIT_RETAIN_SELF = YES;
				CLANG_WARN_OBJC_LITERAL_CONVERSION = YES;
				CLANG_WARN_OBJC_ROOT_CLASS = YES_ERROR;
				CLANG_WARN_QUOTED_INCLUDE_IN_FRAMEWORK_HEADER = YES;
				CLANG_WARN_RANGE_LOOP_ANALYSIS = YES;
				CLANG_WARN_STRICT_PROTOTYPES = YES;
				CLANG_WARN_SUSPICIOUS_MOVE = YES;
				CLANG_WARN_UNGUARDED_AVAILABILITY = YES_AGGRESSIVE;
				CLANG_WARN_UNREACHABLE_CODE = YES;
				CLANG_WARN__DUPLICATE_METHOD_MATCH = YES;
				COPY_PHASE_STRIP = NO;
				DEBUG_INFORMATION_FORMAT = "dwarf-with-dsym";
				ENABLE_NS_ASSERTIONS = NO;
				ENABLE_STRICT_OBJC_MSGSEND = YES;
				GCC_C_LANGUAGE_STANDARD = gnu11;
				GCC_NO_COMMON_BLOCKS = YES;
				GCC_WARN_64_TO_32_BIT_CONVERSION = YES;
				GCC_WARN_ABOUT_RETURN_TYPE = YES_ERROR;
				GCC_WARN_UNDECLARED_SELECTOR = YES;
				GCC_WARN_UNINITIALIZED_AUTOS = YES_AGGRESSIVE;
				GCC_WARN_UNUSED_FUNCTION = YES;
				GCC_WARN_UNUSED_VARIABLE = YES;
				IPHONEOS_DEPLOYMENT_TARGET = 14.0;
				MTL_ENABLE_DEBUG_INFO = NO;
				MTL_FAST_MATH = YES;
				SDKROOT = iphoneos;
				SWIFT_COMPILATION_MODE = wholemodule;
				SWIFT_OPTIMIZATION_LEVEL = "-O";
				VALIDATE_PRODUCT = YES;
			};
			name = Release;
		};
		52EF7AAD27FDADAC00FAB89F /* Debug */ = {
			isa = XCBuildConfiguration;
			buildSettings = {
				ASSETCATALOG_COMPILER_APPICON_NAME = AppIcon;
				ASSETCATALOG_COMPILER_GLOBAL_ACCENT_COLOR_NAME = AccentColor;
				CODE_SIGN_STYLE = Automatic;
				CURRENT_PROJECT_VERSION = 1;
				DEVELOPMENT_TEAM = FQJCX687Q4;
				GENERATE_INFOPLIST_FILE = YES;
				INFOPLIST_FILE = Baemin1/Info.plist;
				INFOPLIST_KEY_UIApplicationSupportsIndirectInputEvents = YES;
				INFOPLIST_KEY_UILaunchStoryboardName = LaunchScreen;
				INFOPLIST_KEY_UIMainStoryboardFile = Main;
				INFOPLIST_KEY_UISupportedInterfaceOrientations = UIInterfaceOrientationPortrait;
				INFOPLIST_KEY_UISupportedInterfaceOrientations_iPad = "UIInterfaceOrientationPortrait UIInterfaceOrientationPortraitUpsideDown UIInterfaceOrientationLandscapeLeft UIInterfaceOrientationLandscapeRight";
				INFOPLIST_KEY_UISupportedInterfaceOrientations_iPhone = "UIInterfaceOrientationPortrait UIInterfaceOrientationLandscapeLeft UIInterfaceOrientationLandscapeRight";
				LD_RUNPATH_SEARCH_PATHS = (
					"$(inherited)",
					"@executable_path/Frameworks",
				);
				MARKETING_VERSION = 1.0;
				PRODUCT_BUNDLE_IDENTIFIER = Seorin.Baemin1;
				PRODUCT_NAME = "$(TARGET_NAME)";
				SWIFT_EMIT_LOC_STRINGS = YES;
				SWIFT_VERSION = 5.0;
				TARGETED_DEVICE_FAMILY = 1;
			};
			name = Debug;
		};
		52EF7AAE27FDADAC00FAB89F /* Release */ = {
			isa = XCBuildConfiguration;
			buildSettings = {
				ASSETCATALOG_COMPILER_APPICON_NAME = AppIcon;
				ASSETCATALOG_COMPILER_GLOBAL_ACCENT_COLOR_NAME = AccentColor;
				CODE_SIGN_STYLE = Automatic;
				CURRENT_PROJECT_VERSION = 1;
				DEVELOPMENT_TEAM = FQJCX687Q4;
				GENERATE_INFOPLIST_FILE = YES;
				INFOPLIST_FILE = Baemin1/Info.plist;
				INFOPLIST_KEY_UIApplicationSupportsIndirectInputEvents = YES;
				INFOPLIST_KEY_UILaunchStoryboardName = LaunchScreen;
				INFOPLIST_KEY_UIMainStoryboardFile = Main;
				INFOPLIST_KEY_UISupportedInterfaceOrientations = UIInterfaceOrientationPortrait;
				INFOPLIST_KEY_UISupportedInterfaceOrientations_iPad = "UIInterfaceOrientationPortrait UIInterfaceOrientationPortraitUpsideDown UIInterfaceOrientationLandscapeLeft UIInterfaceOrientationLandscapeRight";
				INFOPLIST_KEY_UISupportedInterfaceOrientations_iPhone = "UIInterfaceOrientationPortrait UIInterfaceOrientationLandscapeLeft UIInterfaceOrientationLandscapeRight";
				LD_RUNPATH_SEARCH_PATHS = (
					"$(inherited)",
					"@executable_path/Frameworks",
				);
				MARKETING_VERSION = 1.0;
				PRODUCT_BUNDLE_IDENTIFIER = Seorin.Baemin1;
				PRODUCT_NAME = "$(TARGET_NAME)";
				SWIFT_EMIT_LOC_STRINGS = YES;
				SWIFT_VERSION = 5.0;
				TARGETED_DEVICE_FAMILY = 1;
			};
			name = Release;
		};
/* End XCBuildConfiguration section */

/* Begin XCConfigurationList section */
		52EF7A9327FDADAA00FAB89F /* Build configuration list for PBXProject "Baemin1" */ = {
			isa = XCConfigurationList;
			buildConfigurations = (
				52EF7AAA27FDADAC00FAB89F /* Debug */,
				52EF7AAB27FDADAC00FAB89F /* Release */,
			);
			defaultConfigurationIsVisible = 0;
			defaultConfigurationName = Release;
		};
		52EF7AAC27FDADAC00FAB89F /* Build configuration list for PBXNativeTarget "Baemin1" */ = {
			isa = XCConfigurationList;
			buildConfigurations = (
				52EF7AAD27FDADAC00FAB89F /* Debug */,
				52EF7AAE27FDADAC00FAB89F /* Release */,
			);
			defaultConfigurationIsVisible = 0;
			defaultConfigurationName = Release;
		};
/* End XCConfigurationList section */
	};
	rootObject = 52EF7A9027FDADAA00FAB89F /* Project object */;
}
