// !$*UTF8*$!
{
	archiveVersion = 1;
	classes = {
	};
	objectVersion = 55;
	objects = {

/* Begin PBXBuildFile section */
		528FE937286EACEA00EB3B61 /* BaeminSeorinApp.swift in Sources */ = {isa = PBXBuildFile; fileRef = 528FE936286EACEA00EB3B61 /* BaeminSeorinApp.swift */; };
		528FE939286EACEA00EB3B61 /* ContentView.swift in Sources */ = {isa = PBXBuildFile; fileRef = 528FE938286EACEA00EB3B61 /* ContentView.swift */; };
		528FE93B286EACEE00EB3B61 /* Assets.xcassets in Resources */ = {isa = PBXBuildFile; fileRef = 528FE93A286EACEE00EB3B61 /* Assets.xcassets */; };
		528FE93E286EACEE00EB3B61 /* Preview Assets.xcassets in Resources */ = {isa = PBXBuildFile; fileRef = 528FE93D286EACEE00EB3B61 /* Preview Assets.xcassets */; };
		528FE958286EB6E100EB3B61 /* RecomendKeywordView.swift in Sources */ = {isa = PBXBuildFile; fileRef = 528FE957286EB6E100EB3B61 /* RecomendKeywordView.swift */; };
		528FE95A286EB6E900EB3B61 /* LastSearchView.swift in Sources */ = {isa = PBXBuildFile; fileRef = 528FE959286EB6E900EB3B61 /* LastSearchView.swift */; };
		528FE95C286EB6EF00EB3B61 /* BannerView.swift in Sources */ = {isa = PBXBuildFile; fileRef = 528FE95B286EB6EF00EB3B61 /* BannerView.swift */; };
		528FE95E286EB6F600EB3B61 /* LocalBestRestaurantView.swift in Sources */ = {isa = PBXBuildFile; fileRef = 528FE95D286EB6F600EB3B61 /* LocalBestRestaurantView.swift */; };
		528FE960286EB6FF00EB3B61 /* RestuarantView.swift in Sources */ = {isa = PBXBuildFile; fileRef = 528FE95F286EB6FF00EB3B61 /* RestuarantView.swift */; };
		528FE962286EB70400EB3B61 /* MostSearchView.swift in Sources */ = {isa = PBXBuildFile; fileRef = 528FE961286EB70400EB3B61 /* MostSearchView.swift */; };
		528FE96F286EB85500EB3B61 /* MostSearch.swift in Sources */ = {isa = PBXBuildFile; fileRef = 528FE96E286EB85500EB3B61 /* MostSearch.swift */; };
		528FE971286EB85D00EB3B61 /* Banner.swift in Sources */ = {isa = PBXBuildFile; fileRef = 528FE970286EB85D00EB3B61 /* Banner.swift */; };
		528FE973286EB86600EB3B61 /* LocalRestaurant.swift in Sources */ = {isa = PBXBuildFile; fileRef = 528FE972286EB86600EB3B61 /* LocalRestaurant.swift */; };
/* End PBXBuildFile section */

/* Begin PBXFileReference section */
		528FE933286EACEA00EB3B61 /* BaeminSeorin.app */ = {isa = PBXFileReference; explicitFileType = wrapper.application; includeInIndex = 0; path = BaeminSeorin.app; sourceTree = BUILT_PRODUCTS_DIR; };
		528FE936286EACEA00EB3B61 /* BaeminSeorinApp.swift */ = {isa = PBXFileReference; lastKnownFileType = sourcecode.swift; path = BaeminSeorinApp.swift; sourceTree = "<group>"; };
		528FE938286EACEA00EB3B61 /* ContentView.swift */ = {isa = PBXFileReference; lastKnownFileType = sourcecode.swift; path = ContentView.swift; sourceTree = "<group>"; };
		528FE93A286EACEE00EB3B61 /* Assets.xcassets */ = {isa = PBXFileReference; lastKnownFileType = folder.assetcatalog; path = Assets.xcassets; sourceTree = "<group>"; };
		528FE93D286EACEE00EB3B61 /* Preview Assets.xcassets */ = {isa = PBXFileReference; lastKnownFileType = folder.assetcatalog; path = "Preview Assets.xcassets"; sourceTree = "<group>"; };
		528FE957286EB6E100EB3B61 /* RecomendKeywordView.swift */ = {isa = PBXFileReference; lastKnownFileType = sourcecode.swift; path = RecomendKeywordView.swift; sourceTree = "<group>"; };
		528FE959286EB6E900EB3B61 /* LastSearchView.swift */ = {isa = PBXFileReference; lastKnownFileType = sourcecode.swift; path = LastSearchView.swift; sourceTree = "<group>"; };
		528FE95B286EB6EF00EB3B61 /* BannerView.swift */ = {isa = PBXFileReference; lastKnownFileType = sourcecode.swift; path = BannerView.swift; sourceTree = "<group>"; };
		528FE95D286EB6F600EB3B61 /* LocalBestRestaurantView.swift */ = {isa = PBXFileReference; lastKnownFileType = sourcecode.swift; path = LocalBestRestaurantView.swift; sourceTree = "<group>"; };
		528FE95F286EB6FF00EB3B61 /* RestuarantView.swift */ = {isa = PBXFileReference; lastKnownFileType = sourcecode.swift; path = RestuarantView.swift; sourceTree = "<group>"; };
		528FE961286EB70400EB3B61 /* MostSearchView.swift */ = {isa = PBXFileReference; lastKnownFileType = sourcecode.swift; path = MostSearchView.swift; sourceTree = "<group>"; };
		528FE96E286EB85500EB3B61 /* MostSearch.swift */ = {isa = PBXFileReference; lastKnownFileType = sourcecode.swift; path = MostSearch.swift; sourceTree = "<group>"; };
		528FE970286EB85D00EB3B61 /* Banner.swift */ = {isa = PBXFileReference; lastKnownFileType = sourcecode.swift; path = Banner.swift; sourceTree = "<group>"; };
		528FE972286EB86600EB3B61 /* LocalRestaurant.swift */ = {isa = PBXFileReference; lastKnownFileType = sourcecode.swift; path = LocalRestaurant.swift; sourceTree = "<group>"; };
/* End PBXFileReference section */

/* Begin PBXFrameworksBuildPhase section */
		528FE930286EACEA00EB3B61 /* Frameworks */ = {
			isa = PBXFrameworksBuildPhase;
			buildActionMask = 2147483647;
			files = (
			);
			runOnlyForDeploymentPostprocessing = 0;
		};
/* End PBXFrameworksBuildPhase section */

/* Begin PBXGroup section */
		528FE92A286EACEA00EB3B61 = {
			isa = PBXGroup;
			children = (
				528FE935286EACEA00EB3B61 /* BaeminSeorin */,
				528FE934286EACEA00EB3B61 /* Products */,
			);
			sourceTree = "<group>";
		};
		528FE934286EACEA00EB3B61 /* Products */ = {
			isa = PBXGroup;
			children = (
				528FE933286EACEA00EB3B61 /* BaeminSeorin.app */,
			);
			name = Products;
			sourceTree = "<group>";
		};
		528FE935286EACEA00EB3B61 /* BaeminSeorin */ = {
			isa = PBXGroup;
			children = (
				528FE96B286EB81600EB3B61 /* Model */,
				528FE936286EACEA00EB3B61 /* BaeminSeorinApp.swift */,
				528FE938286EACEA00EB3B61 /* ContentView.swift */,
				528FE957286EB6E100EB3B61 /* RecomendKeywordView.swift */,
				528FE959286EB6E900EB3B61 /* LastSearchView.swift */,
				528FE95B286EB6EF00EB3B61 /* BannerView.swift */,
				528FE95D286EB6F600EB3B61 /* LocalBestRestaurantView.swift */,
				528FE95F286EB6FF00EB3B61 /* RestuarantView.swift */,
				528FE961286EB70400EB3B61 /* MostSearchView.swift */,
				528FE93A286EACEE00EB3B61 /* Assets.xcassets */,
				528FE93C286EACEE00EB3B61 /* Preview Content */,
			);
			path = BaeminSeorin;
			sourceTree = "<group>";
		};
		528FE93C286EACEE00EB3B61 /* Preview Content */ = {
			isa = PBXGroup;
			children = (
				528FE93D286EACEE00EB3B61 /* Preview Assets.xcassets */,
			);
			path = "Preview Content";
			sourceTree = "<group>";
		};
		528FE96B286EB81600EB3B61 /* Model */ = {
			isa = PBXGroup;
			children = (
				528FE96E286EB85500EB3B61 /* MostSearch.swift */,
				528FE970286EB85D00EB3B61 /* Banner.swift */,
				528FE972286EB86600EB3B61 /* LocalRestaurant.swift */,
			);
			path = Model;
			sourceTree = "<group>";
		};
/* End PBXGroup section */

/* Begin PBXNativeTarget section */
		528FE932286EACEA00EB3B61 /* BaeminSeorin */ = {
			isa = PBXNativeTarget;
			buildConfigurationList = 528FE941286EACEE00EB3B61 /* Build configuration list for PBXNativeTarget "BaeminSeorin" */;
			buildPhases = (
				528FE92F286EACEA00EB3B61 /* Sources */,
				528FE930286EACEA00EB3B61 /* Frameworks */,
				528FE931286EACEA00EB3B61 /* Resources */,
			);
			buildRules = (
			);
			dependencies = (
			);
			name = BaeminSeorin;
			productName = BaeminSeorin;
			productReference = 528FE933286EACEA00EB3B61 /* BaeminSeorin.app */;
			productType = "com.apple.product-type.application";
		};
/* End PBXNativeTarget section */

/* Begin PBXProject section */
		528FE92B286EACEA00EB3B61 /* Project object */ = {
			isa = PBXProject;
			attributes = {
				BuildIndependentTargetsInParallel = 1;
				LastSwiftUpdateCheck = 1330;
				LastUpgradeCheck = 1330;
				TargetAttributes = {
					528FE932286EACEA00EB3B61 = {
						CreatedOnToolsVersion = 13.3;
					};
				};
			};
			buildConfigurationList = 528FE92E286EACEA00EB3B61 /* Build configuration list for PBXProject "BaeminSeorin" */;
			compatibilityVersion = "Xcode 13.0";
			developmentRegion = en;
			hasScannedForEncodings = 0;
			knownRegions = (
				en,
				Base,
			);
			mainGroup = 528FE92A286EACEA00EB3B61;
			productRefGroup = 528FE934286EACEA00EB3B61 /* Products */;
			projectDirPath = "";
			projectRoot = "";
			targets = (
				528FE932286EACEA00EB3B61 /* BaeminSeorin */,
			);
		};
/* End PBXProject section */

/* Begin PBXResourcesBuildPhase section */
		528FE931286EACEA00EB3B61 /* Resources */ = {
			isa = PBXResourcesBuildPhase;
			buildActionMask = 2147483647;
			files = (
				528FE93E286EACEE00EB3B61 /* Preview Assets.xcassets in Resources */,
				528FE93B286EACEE00EB3B61 /* Assets.xcassets in Resources */,
			);
			runOnlyForDeploymentPostprocessing = 0;
		};
/* End PBXResourcesBuildPhase section */

/* Begin PBXSourcesBuildPhase section */
		528FE92F286EACEA00EB3B61 /* Sources */ = {
			isa = PBXSourcesBuildPhase;
			buildActionMask = 2147483647;
			files = (
				528FE96F286EB85500EB3B61 /* MostSearch.swift in Sources */,
				528FE973286EB86600EB3B61 /* LocalRestaurant.swift in Sources */,
				528FE95C286EB6EF00EB3B61 /* BannerView.swift in Sources */,
				528FE960286EB6FF00EB3B61 /* RestuarantView.swift in Sources */,
				528FE95E286EB6F600EB3B61 /* LocalBestRestaurantView.swift in Sources */,
				528FE958286EB6E100EB3B61 /* RecomendKeywordView.swift in Sources */,
				528FE95A286EB6E900EB3B61 /* LastSearchView.swift in Sources */,
				528FE939286EACEA00EB3B61 /* ContentView.swift in Sources */,
				528FE971286EB85D00EB3B61 /* Banner.swift in Sources */,
				528FE937286EACEA00EB3B61 /* BaeminSeorinApp.swift in Sources */,
				528FE962286EB70400EB3B61 /* MostSearchView.swift in Sources */,
			);
			runOnlyForDeploymentPostprocessing = 0;
		};
/* End PBXSourcesBuildPhase section */

/* Begin XCBuildConfiguration section */
		528FE93F286EACEE00EB3B61 /* Debug */ = {
			isa = XCBuildConfiguration;
			buildSettings = {
				ALWAYS_SEARCH_USER_PATHS = NO;
				CLANG_ANALYZER_NONNULL = YES;
				CLANG_ANALYZER_NUMBER_OBJECT_CONVERSION = YES_AGGRESSIVE;
				CLANG_CXX_LANGUAGE_STANDARD = "gnu++17";
				CLANG_ENABLE_MODULES = YES;
				CLANG_ENABLE_OBJC_ARC = YES;
				CLANG_ENABLE_OBJC_WEAK = YES;
				CLANG_WARN_BLOCK_CAPTURE_AUTORELEASING = YES;
				CLANG_WARN_BOOL_CONVERSION = YES;
				CLANG_WARN_COMMA = YES;
				CLANG_WARN_CONSTANT_CONVERSION = YES;
				CLANG_WARN_DEPRECATED_OBJC_IMPLEMENTATIONS = YES;
				CLANG_WARN_DIRECT_OBJC_ISA_USAGE = YES_ERROR;
				CLANG_WARN_DOCUMENTATION_COMMENTS = YES;
				CLANG_WARN_EMPTY_BODY = YES;
				CLANG_WARN_ENUM_CONVERSION = YES;
				CLANG_WARN_INFINITE_RECURSION = YES;
				CLANG_WARN_INT_CONVERSION = YES;
				CLANG_WARN_NON_LITERAL_NULL_CONVERSION = YES;
				CLANG_WARN_OBJC_IMPLICIT_RETAIN_SELF = YES;
				CLANG_WARN_OBJC_LITERAL_CONVERSION = YES;
				CLANG_WARN_OBJC_ROOT_CLASS = YES_ERROR;
				CLANG_WARN_QUOTED_INCLUDE_IN_FRAMEWORK_HEADER = YES;
				CLANG_WARN_RANGE_LOOP_ANALYSIS = YES;
				CLANG_WARN_STRICT_PROTOTYPES = YES;
				CLANG_WARN_SUSPICIOUS_MOVE = YES;
				CLANG_WARN_UNGUARDED_AVAILABILITY = YES_AGGRESSIVE;
				CLANG_WARN_UNREACHABLE_CODE = YES;
				CLANG_WARN__DUPLICATE_METHOD_MATCH = YES;
				COPY_PHASE_STRIP = NO;
				DEBUG_INFORMATION_FORMAT = dwarf;
				ENABLE_STRICT_OBJC_MSGSEND = YES;
				ENABLE_TESTABILITY = YES;
				GCC_C_LANGUAGE_STANDARD = gnu11;
				GCC_DYNAMIC_NO_PIC = NO;
				GCC_NO_COMMON_BLOCKS = YES;
				GCC_OPTIMIZATION_LEVEL = 0;
				GCC_PREPROCESSOR_DEFINITIONS = (
					"DEBUG=1",
					"$(inherited)",
				);
				GCC_WARN_64_TO_32_BIT_CONVERSION = YES;
				GCC_WARN_ABOUT_RETURN_TYPE = YES_ERROR;
				GCC_WARN_UNDECLARED_SELECTOR = YES;
				GCC_WARN_UNINITIALIZED_AUTOS = YES_AGGRESSIVE;
				GCC_WARN_UNUSED_FUNCTION = YES;
				GCC_WARN_UNUSED_VARIABLE = YES;
				IPHONEOS_DEPLOYMENT_TARGET = 15.4;
				MTL_ENABLE_DEBUG_INFO = INCLUDE_SOURCE;
				MTL_FAST_MATH = YES;
				ONLY_ACTIVE_ARCH = YES;
				SDKROOT = iphoneos;
				SWIFT_ACTIVE_COMPILATION_CONDITIONS = DEBUG;
				SWIFT_OPTIMIZATION_LEVEL = "-Onone";
			};
			name = Debug;
		};
		528FE940286EACEE00EB3B61 /* Release */ = {
			isa = XCBuildConfiguration;
			buildSettings = {
				ALWAYS_SEARCH_USER_PATHS = NO;
				CLANG_ANALYZER_NONNULL = YES;
				CLANG_ANALYZER_NUMBER_OBJECT_CONVERSION = YES_AGGRESSIVE;
				CLANG_CXX_LANGUAGE_STANDARD = "gnu++17";
				CLANG_ENABLE_MODULES = YES;
				CLANG_ENABLE_OBJC_ARC = YES;
				CLANG_ENABLE_OBJC_WEAK = YES;
				CLANG_WARN_BLOCK_CAPTURE_AUTORELEASING = YES;
				CLANG_WARN_BOOL_CONVERSION = YES;
				CLANG_WARN_COMMA = YES;
				CLANG_WARN_CONSTANT_CONVERSION = YES;
				CLANG_WARN_DEPRECATED_OBJC_IMPLEMENTATIONS = YES;
				CLANG_WARN_DIRECT_OBJC_ISA_USAGE = YES_ERROR;
				CLANG_WARN_DOCUMENTATION_COMMENTS = YES;
				CLANG_WARN_EMPTY_BODY = YES;
				CLANG_WARN_ENUM_CONVERSION = YES;
				CLANG_WARN_INFINITE_RECURSION = YES;
				CLANG_WARN_INT_CONVERSION = YES;
				CLANG_WARN_NON_LITERAL_NULL_CONVERSION = YES;
				CLANG_WARN_OBJC_IMPLICIT_RETAIN_SELF = YES;
				CLANG_WARN_OBJC_LITERAL_CONVERSION = YES;
				CLANG_WARN_OBJC_ROOT_CLASS = YES_ERROR;
				CLANG_WARN_QUOTED_INCLUDE_IN_FRAMEWORK_HEADER = YES;
				CLANG_WARN_RANGE_LOOP_ANALYSIS = YES;
				CLANG_WARN_STRICT_PROTOTYPES = YES;
				CLANG_WARN_SUSPICIOUS_MOVE = YES;
				CLANG_WARN_UNGUARDED_AVAILABILITY = YES_AGGRESSIVE;
				CLANG_WARN_UNREACHABLE_CODE = YES;
				CLANG_WARN__DUPLICATE_METHOD_MATCH = YES;
				COPY_PHASE_STRIP = NO;
				DEBUG_INFORMATION_FORMAT = "dwarf-with-dsym";
				ENABLE_NS_ASSERTIONS = NO;
				ENABLE_STRICT_OBJC_MSGSEND = YES;
				GCC_C_LANGUAGE_STANDARD = gnu11;
				GCC_NO_COMMON_BLOCKS = YES;
				GCC_WARN_64_TO_32_BIT_CONVERSION = YES;
				GCC_WARN_ABOUT_RETURN_TYPE = YES_ERROR;
				GCC_WARN_UNDECLARED_SELECTOR = YES;
				GCC_WARN_UNINITIALIZED_AUTOS = YES_AGGRESSIVE;
				GCC_WARN_UNUSED_FUNCTION = YES;
				GCC_WARN_UNUSED_VARIABLE = YES;
				IPHONEOS_DEPLOYMENT_TARGET = 15.4;
				MTL_ENABLE_DEBUG_INFO = NO;
				MTL_FAST_MATH = YES;
				SDKROOT = iphoneos;
				SWIFT_COMPILATION_MODE = wholemodule;
				SWIFT_OPTIMIZATION_LEVEL = "-O";
				VALIDATE_PRODUCT = YES;
			};
			name = Release;
		};
		528FE942286EACEE00EB3B61 /* Debug */ = {
			isa = XCBuildConfiguration;
			buildSettings = {
				ASSETCATALOG_COMPILER_APPICON_NAME = AppIcon;
				ASSETCATALOG_COMPILER_GLOBAL_ACCENT_COLOR_NAME = AccentColor;
				CODE_SIGN_STYLE = Automatic;
				CURRENT_PROJECT_VERSION = 1;
				DEVELOPMENT_ASSET_PATHS = "\"BaeminSeorin/Preview Content\"";
				DEVELOPMENT_TEAM = FQJCX687Q4;
				ENABLE_PREVIEWS = YES;
				GENERATE_INFOPLIST_FILE = YES;
				INFOPLIST_KEY_UIApplicationSceneManifest_Generation = YES;
				INFOPLIST_KEY_UIApplicationSupportsIndirectInputEvents = YES;
				INFOPLIST_KEY_UILaunchScreen_Generation = YES;
				INFOPLIST_KEY_UISupportedInterfaceOrientations_iPad = "UIInterfaceOrientationPortrait UIInterfaceOrientationPortraitUpsideDown UIInterfaceOrientationLandscapeLeft UIInterfaceOrientationLandscapeRight";
				INFOPLIST_KEY_UISupportedInterfaceOrientations_iPhone = "UIInterfaceOrientationPortrait UIInterfaceOrientationLandscapeLeft UIInterfaceOrientationLandscapeRight";
				LD_RUNPATH_SEARCH_PATHS = (
					"$(inherited)",
					"@executable_path/Frameworks",
				);
				MARKETING_VERSION = 1.0;
				PRODUCT_BUNDLE_IDENTIFIER = Seorin.BaeminSeorin;
				PRODUCT_NAME = "$(TARGET_NAME)";
				SWIFT_EMIT_LOC_STRINGS = YES;
				SWIFT_VERSION = 5.0;
				TARGETED_DEVICE_FAMILY = "1,2";
			};
			name = Debug;
		};
		528FE943286EACEE00EB3B61 /* Release */ = {
			isa = XCBuildConfiguration;
			buildSettings = {
				ASSETCATALOG_COMPILER_APPICON_NAME = AppIcon;
				ASSETCATALOG_COMPILER_GLOBAL_ACCENT_COLOR_NAME = AccentColor;
				CODE_SIGN_STYLE = Automatic;
				CURRENT_PROJECT_VERSION = 1;
				DEVELOPMENT_ASSET_PATHS = "\"BaeminSeorin/Preview Content\"";
				DEVELOPMENT_TEAM = FQJCX687Q4;
				ENABLE_PREVIEWS = YES;
				GENERATE_INFOPLIST_FILE = YES;
				INFOPLIST_KEY_UIApplicationSceneManifest_Generation = YES;
				INFOPLIST_KEY_UIApplicationSupportsIndirectInputEvents = YES;
				INFOPLIST_KEY_UILaunchScreen_Generation = YES;
				INFOPLIST_KEY_UISupportedInterfaceOrientations_iPad = "UIInterfaceOrientationPortrait UIInterfaceOrientationPortraitUpsideDown UIInterfaceOrientationLandscapeLeft UIInterfaceOrientationLandscapeRight";
				INFOPLIST_KEY_UISupportedInterfaceOrientations_iPhone = "UIInterfaceOrientationPortrait UIInterfaceOrientationLandscapeLeft UIInterfaceOrientationLandscapeRight";
				LD_RUNPATH_SEARCH_PATHS = (
					"$(inherited)",
					"@executable_path/Frameworks",
				);
				MARKETING_VERSION = 1.0;
				PRODUCT_BUNDLE_IDENTIFIER = Seorin.BaeminSeorin;
				PRODUCT_NAME = "$(TARGET_NAME)";
				SWIFT_EMIT_LOC_STRINGS = YES;
				SWIFT_VERSION = 5.0;
				TARGETED_DEVICE_FAMILY = "1,2";
			};
			name = Release;
		};
/* End XCBuildConfiguration section */

/* Begin XCConfigurationList section */
		528FE92E286EACEA00EB3B61 /* Build configuration list for PBXProject "BaeminSeorin" */ = {
			isa = XCConfigurationList;
			buildConfigurations = (
				528FE93F286EACEE00EB3B61 /* Debug */,
				528FE940286EACEE00EB3B61 /* Release */,
			);
			defaultConfigurationIsVisible = 0;
			defaultConfigurationName = Release;
		};
		528FE941286EACEE00EB3B61 /* Build configuration list for PBXNativeTarget "BaeminSeorin" */ = {
			isa = XCConfigurationList;
			buildConfigurations = (
				528FE942286EACEE00EB3B61 /* Debug */,
				528FE943286EACEE00EB3B61 /* Release */,
			);
			defaultConfigurationIsVisible = 0;
			defaultConfigurationName = Release;
		};
/* End XCConfigurationList section */
	};
	rootObject = 528FE92B286EACEA00EB3B61 /* Project object */;
}
